
Microsoft Visual Studio Solution File, Format Version 12.00
# Visual Studio 2012
Project("{FAE04EC0-301F-11D3-BF4B-00C04F79EFBC}") = "MyWPFAgenda", "MyWPFAgenda\MyWPFAgenda.csproj", "{848892E4-0A96-49D0-8C7A-DE3EC165C1C0}"
EndProject
Project("{FAE04EC0-301F-11D3-BF4B-00C04F79EFBC}") = "BusinessLayer", "..\MonAgendaConsole\BusinessLayer\BusinessLayer.csproj", "{96D06B97-F8D5-4CD5-B4BE-D1F1734D3BD5}"
EndProject
Project("{FAE04EC0-301F-11D3-BF4B-00C04F79EFBC}") = "EntitiesLayer", "..\MonAgendaConsole\EntitiesLayer\EntitiesLayer.csproj", "{77313910-D8D7-4A4E-8F62-5B458ECAA1FB}"
EndProject
Project("{FAE04EC0-301F-11D3-BF4B-00C04F79EFBC}") = "StubDataAccessLayer", "..\MonAgendaConsole\StubDataAccessLayer\StubDataAccessLayer.csproj", "{AE6C470E-5FB1-4CDE-B8C1-F09EC8919975}"
EndProject
Project("{FAE04EC0-301F-11D3-BF4B-00C04F79EFBC}") = "DataAcessLayer", "DataAcessLayer\DataAcessLayer.csproj", "{79806756-13A3-44CE-B5AD-DC095CE75F0F}"
EndProject
Project("{FAE04EC0-301F-11D3-BF4B-00C04F79EFBC}") = "WebServiceAgenda", "WebServiceAgenda\WebServiceAgenda.csproj", "{D02432E2-7B5B-43CF-B496-19F8E8CD9C09}"
EndProject
Project("{FAE04EC0-301F-11D3-BF4B-00C04F79EFBC}") = "WebApplication1", "WebApplication1\WebApplication1.csproj", "{C6236FCB-A76B-4319-A64A-AB87AAEDA73B}"
	ProjectSection(ProjectDependencies) = postProject
		{D02432E2-7B5B-43CF-B496-19F8E8CD9C09} = {D02432E2-7B5B-43CF-B496-19F8E8CD9C09}
	EndProjectSection
EndProject
Global
	GlobalSection(SolutionConfigurationPlatforms) = preSolution
		Debug|Any CPU = Debug|Any CPU
		Debug|Mixed Platforms = Debug|Mixed Platforms
		Debug|x86 = Debug|x86
		Release|Any CPU = Release|Any CPU
		Release|Mixed Platforms = Release|Mixed Platforms
		Release|x86 = Release|x86
	EndGlobalSection
	GlobalSection(ProjectConfigurationPlatforms) = postSolution
		{848892E4-0A96-49D0-8C7A-DE3EC165C1C0}.Debug|Any CPU.ActiveCfg = Debug|x86
		{848892E4-0A96-49D0-8C7A-DE3EC165C1C0}.Debug|Mixed Platforms.ActiveCfg = Debug|x86
		{848892E4-0A96-49D0-8C7A-DE3EC165C1C0}.Debug|Mixed Platforms.Build.0 = Debug|x86
		{848892E4-0A96-49D0-8C7A-DE3EC165C1C0}.Debug|x86.ActiveCfg = Debug|x86
		{848892E4-0A96-49D0-8C7A-DE3EC165C1C0}.Debug|x86.Build.0 = Debug|x86
		{848892E4-0A96-49D0-8C7A-DE3EC165C1C0}.Release|Any CPU.ActiveCfg = Release|x86
		{848892E4-0A96-49D0-8C7A-DE3EC165C1C0}.Release|Mixed Platforms.ActiveCfg = Release|x86
		{848892E4-0A96-49D0-8C7A-DE3EC165C1C0}.Release|Mixed Platforms.Build.0 = Release|x86
		{848892E4-0A96-49D0-8C7A-DE3EC165C1C0}.Release|x86.ActiveCfg = Release|x86
		{848892E4-0A96-49D0-8C7A-DE3EC165C1C0}.Release|x86.Build.0 = Release|x86
		{96D06B97-F8D5-4CD5-B4BE-D1F1734D3BD5}.Debug|Any CPU.ActiveCfg = Debug|Any CPU
		{96D06B97-F8D5-4CD5-B4BE-D1F1734D3BD5}.Debug|Any CPU.Build.0 = Debug|Any CPU
		{96D06B97-F8D5-4CD5-B4BE-D1F1734D3BD5}.Debug|Mixed Platforms.ActiveCfg = Debug|Any CPU
		{96D06B97-F8D5-4CD5-B4BE-D1F1734D3BD5}.Debug|Mixed Platforms.Build.0 = Debug|Any CPU
		{96D06B97-F8D5-4CD5-B4BE-D1F1734D3BD5}.Debug|x86.ActiveCfg = Debug|Any CPU
		{96D06B97-F8D5-4CD5-B4BE-D1F1734D3BD5}.Release|Any CPU.ActiveCfg = Release|Any CPU
		{96D06B97-F8D5-4CD5-B4BE-D1F1734D3BD5}.Release|Any CPU.Build.0 = Release|Any CPU
		{96D06B97-F8D5-4CD5-B4BE-D1F1734D3BD5}.Release|Mixed Platforms.ActiveCfg = Release|Any CPU
		{96D06B97-F8D5-4CD5-B4BE-D1F1734D3BD5}.Release|Mixed Platforms.Build.0 = Release|Any CPU
		{96D06B97-F8D5-4CD5-B4BE-D1F1734D3BD5}.Release|x86.ActiveCfg = Release|Any CPU
		{77313910-D8D7-4A4E-8F62-5B458ECAA1FB}.Debug|Any CPU.ActiveCfg = Debug|Any CPU
		{77313910-D8D7-4A4E-8F62-5B458ECAA1FB}.Debug|Any CPU.Build.0 = Debug|Any CPU
		{77313910-D8D7-4A4E-8F62-5B458ECAA1FB}.Debug|Mixed Platforms.ActiveCfg = Debug|Any CPU
		{77313910-D8D7-4A4E-8F62-5B458ECAA1FB}.Debug|Mixed Platforms.Build.0 = Debug|Any CPU
		{77313910-D8D7-4A4E-8F62-5B458ECAA1FB}.Debug|x86.ActiveCfg = Debug|Any CPU
		{77313910-D8D7-4A4E-8F62-5B458ECAA1FB}.Release|Any CPU.ActiveCfg = Release|Any CPU
		{77313910-D8D7-4A4E-8F62-5B458ECAA1FB}.Release|Any CPU.Build.0 = Release|Any CPU
		{77313910-D8D7-4A4E-8F62-5B458ECAA1FB}.Release|Mixed Platforms.ActiveCfg = Release|Any CPU
		{77313910-D8D7-4A4E-8F62-5B458ECAA1FB}.Release|Mixed Platforms.Build.0 = Release|Any CPU
		{77313910-D8D7-4A4E-8F62-5B458ECAA1FB}.Release|x86.ActiveCfg = Release|Any CPU
		{AE6C470E-5FB1-4CDE-B8C1-F09EC8919975}.Debug|Any CPU.ActiveCfg = Debug|Any CPU
		{AE6C470E-5FB1-4CDE-B8C1-F09EC8919975}.Debug|Any CPU.Build.0 = Debug|Any CPU
		{AE6C470E-5FB1-4CDE-B8C1-F09EC8919975}.Debug|Mixed Platforms.ActiveCfg = Debug|Any CPU
		{AE6C470E-5FB1-4CDE-B8C1-F09EC8919975}.Debug|Mixed Platforms.Build.0 = Debug|Any CPU
		{AE6C470E-5FB1-4CDE-B8C1-F09EC8919975}.Debug|x86.ActiveCfg = Debug|Any CPU
		{AE6C470E-5FB1-4CDE-B8C1-F09EC8919975}.Release|Any CPU.ActiveCfg = Release|Any CPU
		{AE6C470E-5FB1-4CDE-B8C1-F09EC8919975}.Release|Any CPU.Build.0 = Release|Any CPU
		{AE6C470E-5FB1-4CDE-B8C1-F09EC8919975}.Release|Mixed Platforms.ActiveCfg = Release|Any CPU
		{AE6C470E-5FB1-4CDE-B8C1-F09EC8919975}.Release|Mixed Platforms.Build.0 = Release|Any CPU
		{AE6C470E-5FB1-4CDE-B8C1-F09EC8919975}.Release|x86.ActiveCfg = Release|Any CPU
		{79806756-13A3-44CE-B5AD-DC095CE75F0F}.Debug|Any CPU.ActiveCfg = Debug|Any CPU
		{79806756-13A3-44CE-B5AD-DC095CE75F0F}.Debug|Any CPU.Build.0 = Debug|Any CPU
		{79806756-13A3-44CE-B5AD-DC095CE75F0F}.Debug|Mixed Platforms.ActiveCfg = Debug|Any CPU
		{79806756-13A3-44CE-B5AD-DC095CE75F0F}.Debug|Mixed Platforms.Build.0 = Debug|Any CPU
		{79806756-13A3-44CE-B5AD-DC095CE75F0F}.Debug|x86.ActiveCfg = Debug|Any CPU
		{79806756-13A3-44CE-B5AD-DC095CE75F0F}.Release|Any CPU.ActiveCfg = Release|Any CPU
		{79806756-13A3-44CE-B5AD-DC095CE75F0F}.Release|Any CPU.Build.0 = Release|Any CPU
		{79806756-13A3-44CE-B5AD-DC095CE75F0F}.Release|Mixed Platforms.ActiveCfg = Release|Any CPU
		{79806756-13A3-44CE-B5AD-DC095CE75F0F}.Release|Mixed Platforms.Build.0 = Release|Any CPU
		{79806756-13A3-44CE-B5AD-DC095CE75F0F}.Release|x86.ActiveCfg = Release|Any CPU
		{D02432E2-7B5B-43CF-B496-19F8E8CD9C09}.Debug|Any CPU.ActiveCfg = Debug|Any CPU
		{D02432E2-7B5B-43CF-B496-19F8E8CD9C09}.Debug|Any CPU.Build.0 = Debug|Any CPU
		{D02432E2-7B5B-43CF-B496-19F8E8CD9C09}.Debug|Mixed Platforms.ActiveCfg = Debug|Any CPU
		{D02432E2-7B5B-43CF-B496-19F8E8CD9C09}.Debug|Mixed Platforms.Build.0 = Debug|Any CPU
		{D02432E2-7B5B-43CF-B496-19F8E8CD9C09}.Debug|x86.ActiveCfg = Debug|Any CPU
		{D02432E2-7B5B-43CF-B496-19F8E8CD9C09}.Release|Any CPU.ActiveCfg = Release|Any CPU
		{D02432E2-7B5B-43CF-B496-19F8E8CD9C09}.Release|Any CPU.Build.0 = Release|Any CPU
		{D02432E2-7B5B-43CF-B496-19F8E8CD9C09}.Release|Mixed Platforms.ActiveCfg = Release|Any CPU
		{D02432E2-7B5B-43CF-B496-19F8E8CD9C09}.Release|Mixed Platforms.Build.0 = Release|Any CPU
		{D02432E2-7B5B-43CF-B496-19F8E8CD9C09}.Release|x86.ActiveCfg = Release|Any CPU
		{C6236FCB-A76B-4319-A64A-AB87AAEDA73B}.Debug|Any CPU.ActiveCfg = Debug|Any CPU
		{C6236FCB-A76B-4319-A64A-AB87AAEDA73B}.Debug|Any CPU.Build.0 = Debug|Any CPU
		{C6236FCB-A76B-4319-A64A-AB87AAEDA73B}.Debug|Mixed Platforms.ActiveCfg = Debug|Any CPU
		{C6236FCB-A76B-4319-A64A-AB87AAEDA73B}.Debug|Mixed Platforms.Build.0 = Debug|Any CPU
		{C6236FCB-A76B-4319-A64A-AB87AAEDA73B}.Debug|x86.ActiveCfg = Debug|Any CPU
		{C6236FCB-A76B-4319-A64A-AB87AAEDA73B}.Release|Any CPU.ActiveCfg = Release|Any CPU
		{C6236FCB-A76B-4319-A64A-AB87AAEDA73B}.Release|Any CPU.Build.0 = Release|Any CPU
		{C6236FCB-A76B-4319-A64A-AB87AAEDA73B}.Release|Mixed Platforms.ActiveCfg = Release|Any CPU
		{C6236FCB-A76B-4319-A64A-AB87AAEDA73B}.Release|Mixed Platforms.Build.0 = Release|Any CPU
		{C6236FCB-A76B-4319-A64A-AB87AAEDA73B}.Release|x86.ActiveCfg = Release|Any CPU
	EndGlobalSection
	GlobalSection(SolutionProperties) = preSolution
		HideSolutionNode = FALSE
	EndGlobalSection
EndGlobal
